
Microsoft Visual Studio Solution File, Format Version 12.00
# Visual Studio 15
VisualStudioVersion = 15.0.26730.16
MinimumVisualStudioVersion = 10.0.40219.1
Project("{FAE04EC0-301F-11D3-BF4B-00C04F79EFBC}") = "DikuSharp.Server", "DikuSharp.Server\DikuSharp.Server.csproj", "{3E791A06-DB25-4234-AF45-54B7BB482F9B}"
EndProject
Global
	GlobalSection(SolutionConfigurationPlatforms) = preSolution
		Debug|Any CPU = Debug|Any CPU
		Release|Any CPU = Release|Any CPU
	EndGlobalSection
	GlobalSection(ProjectConfigurationPlatforms) = postSolution
		{3E791A06-DB25-4234-AF45-54B7BB482F9B}.Debug|Any CPU.ActiveCfg = Debug|Any CPU
		{3E791A06-DB25-4234-AF45-54B7BB482F9B}.Debug|Any CPU.Build.0 = Debug|Any CPU
		{3E791A06-DB25-4234-AF45-54B7BB482F9B}.Release|Any CPU.ActiveCfg = Release|Any CPU
		{3E791A06-DB25-4234-AF45-54B7BB482F9B}.Release|Any CPU.Build.0 = Release|Any CPU
	EndGlobalSection
	GlobalSection(SolutionProperties) = preSolution
		HideSolutionNode = FALSE
	EndGlobalSection
	GlobalSection(ExtensibilityGlobals) = postSolution
		SolutionGuid = {F806647F-4028-426B-B958-61F2DB89A3BB}
	EndGlobalSection
EndGlobal
